
Microsoft Visual Studio Solution File, Format Version 12.00
# Visual Studio Version 17
VisualStudioVersion = 17.1.32328.378
MinimumVisualStudioVersion = 10.0.40219.1
Project("{FAE04EC0-301F-11D3-BF4B-00C04F79EFBC}") = "Group1FinalProject", "Group1FinalProject\Group1FinalProject.csproj", "{16B3C2B7-0B93-4FBA-AFA5-7458A03FC210}"
EndProject
Global
	GlobalSection(SolutionConfigurationPlatforms) = preSolution
		Debug|Any CPU = Debug|Any CPU
		Release|Any CPU = Release|Any CPU
	EndGlobalSection
	GlobalSection(ProjectConfigurationPlatforms) = postSolution
		{16B3C2B7-0B93-4FBA-AFA5-7458A03FC210}.Debug|Any CPU.ActiveCfg = Debug|Any CPU
		{16B3C2B7-0B93-4FBA-AFA5-7458A03FC210}.Debug|Any CPU.Build.0 = Debug|Any CPU
		{16B3C2B7-0B93-4FBA-AFA5-7458A03FC210}.Release|Any CPU.ActiveCfg = Release|Any CPU
		{16B3C2B7-0B93-4FBA-AFA5-7458A03FC210}.Release|Any CPU.Build.0 = Release|Any CPU
	EndGlobalSection
	GlobalSection(SolutionProperties) = preSolution
		HideSolutionNode = FALSE
	EndGlobalSection
	GlobalSection(ExtensibilityGlobals) = postSolution
		SolutionGuid = {F70B68FC-E283-4BEF-9176-0D2C29A77AA9}
	EndGlobalSection
EndGlobal
